{
  "requires": true,
  "lockfileVersion": 1,
  "dependencies": {
    "types-registry": {
      "version": "0.1.572",
      "resolved": "https://registry.npmjs.org/types-registry/-/types-registry-0.1.572.tgz",
      "integrity": "sha512-S3Ij2W+eA1NEptvniwsZEWUcscLJF3XlWqtEAn0PRy2lvujUQ+Yjn5ChmK+AzMAlDYFsYamxFSGoNYCdIVILBA=="
    }
  }
}
